<?xml version="1.0" encoding="utf-8"?>
<Project ToolsVersion="16.0" xmlns="http://schemas.microsoft.com/developer/msbuild/2003">
  <ItemGroup>
    <ClCompile Include="C:\Users\dsubo\Desktop\samp-gvar-plugin-1.4\include\amxplugin.cpp">
      <Filter>Source Files</Filter>
    </ClCompile>
    <ClCompile Include="C:\Users\dsubo\Desktop\samp-gvar-plugin-1.4\include\main.cpp">
      <Filter>Source Files</Filter>
    </ClCompile>
    <ClCompile Include="C:\Users\dsubo\Desktop\samp-gvar-plugin-1.4\include\sampgdk.c">
      <Filter>Source Files</Filter>
    </ClCompile>
  </ItemGroup>
  <ItemGroup>
    <ClInclude Include="C:\Users\dsubo\Desktop\samp-gvar-plugin-1.4\include\sampgdk.h">
      <Filter>Header Files</Filter>
    </ClInclude>
  </ItemGroup>
  <ItemGroup>
    <CustomBuild Include="C:\Users\dsubo\Desktop\samp-gvar-plugin-1.4\include\CMakeLists.txt" />
  </ItemGroup>
  <ItemGroup>
    <None Include="C:\Users\dsubo\Desktop\samp-gvar-plugin-1.4\include\gvar.def">
      <Filter>Source Files</Filter>
    </None>
  </ItemGroup>
  <ItemGroup>
    <Filter Include="Header Files">
      <UniqueIdentifier>{9BEA7171-BEA6-3A21-AFFE-BA33AEF5EF06}</UniqueIdentifier>
    </Filter>
    <Filter Include="Source Files">
      <UniqueIdentifier>{29302FDF-B6AA-3D69-8076-909453659798}</UniqueIdentifier>
    </Filter>
  </ItemGroup>
</Project>
